
Microsoft Visual Studio Solution File, Format Version 12.00
# Visual Studio 14
VisualStudioVersion = 14.0.24720.0
MinimumVisualStudioVersion = 10.0.40219.1
Project("{FAE04EC0-301F-11D3-BF4B-00C04F79EFBC}") = "QuickIO.UnitTests", "QuickIO.UnitTests\QuickIO.UnitTests.csproj", "{684665AD-23E2-44B1-812D-D87DD9C3DCF6}"
EndProject
Project("{2150E333-8FDC-42A3-9474-1A3956D46DE8}") = "Tests", "Tests", "{86BE31B7-7B6E-4D71-9289-21E367F2FA72}"
EndProject
Project("{FAE04EC0-301F-11D3-BF4B-00C04F79EFBC}") = "QuickIO", "QuickIO\QuickIO.csproj", "{69C7E9B2-3553-4333-8841-25849639F472}"
EndProject
Project("{FAE04EC0-301F-11D3-BF4B-00C04F79EFBC}") = "QuickIO.IntegrationTests", "QuickIO.IntegrationTests\QuickIO.IntegrationTests.csproj", "{D1FC6E8E-4A43-4771-8A82-B52715A045FE}"
EndProject
Project("{FAE04EC0-301F-11D3-BF4B-00C04F79EFBC}") = "QuickIO.TestCore", "QuickIO.TestCore\QuickIO.TestCore.csproj", "{DDEE60F3-EE8D-43DC-A839-7E901117CF05}"
EndProject
Global
	GlobalSection(SolutionConfigurationPlatforms) = preSolution
		Debug|Any CPU = Debug|Any CPU
		Release|Any CPU = Release|Any CPU
	EndGlobalSection
	GlobalSection(ProjectConfigurationPlatforms) = postSolution
		{684665AD-23E2-44B1-812D-D87DD9C3DCF6}.Debug|Any CPU.ActiveCfg = Debug|Any CPU
		{684665AD-23E2-44B1-812D-D87DD9C3DCF6}.Debug|Any CPU.Build.0 = Debug|Any CPU
		{684665AD-23E2-44B1-812D-D87DD9C3DCF6}.Release|Any CPU.ActiveCfg = Release|Any CPU
		{684665AD-23E2-44B1-812D-D87DD9C3DCF6}.Release|Any CPU.Build.0 = Release|Any CPU
		{69C7E9B2-3553-4333-8841-25849639F472}.Debug|Any CPU.ActiveCfg = Debug|Any CPU
		{69C7E9B2-3553-4333-8841-25849639F472}.Debug|Any CPU.Build.0 = Debug|Any CPU
		{69C7E9B2-3553-4333-8841-25849639F472}.Release|Any CPU.ActiveCfg = Release|Any CPU
		{69C7E9B2-3553-4333-8841-25849639F472}.Release|Any CPU.Build.0 = Release|Any CPU
		{D1FC6E8E-4A43-4771-8A82-B52715A045FE}.Debug|Any CPU.ActiveCfg = Debug|Any CPU
		{D1FC6E8E-4A43-4771-8A82-B52715A045FE}.Debug|Any CPU.Build.0 = Debug|Any CPU
		{D1FC6E8E-4A43-4771-8A82-B52715A045FE}.Release|Any CPU.ActiveCfg = Release|Any CPU
		{D1FC6E8E-4A43-4771-8A82-B52715A045FE}.Release|Any CPU.Build.0 = Release|Any CPU
		{DDEE60F3-EE8D-43DC-A839-7E901117CF05}.Debug|Any CPU.ActiveCfg = Debug|Any CPU
		{DDEE60F3-EE8D-43DC-A839-7E901117CF05}.Debug|Any CPU.Build.0 = Debug|Any CPU
		{DDEE60F3-EE8D-43DC-A839-7E901117CF05}.Release|Any CPU.ActiveCfg = Release|Any CPU
		{DDEE60F3-EE8D-43DC-A839-7E901117CF05}.Release|Any CPU.Build.0 = Release|Any CPU
	EndGlobalSection
	GlobalSection(SolutionProperties) = preSolution
		HideSolutionNode = FALSE
	EndGlobalSection
	GlobalSection(NestedProjects) = preSolution
		{684665AD-23E2-44B1-812D-D87DD9C3DCF6} = {86BE31B7-7B6E-4D71-9289-21E367F2FA72}
		{D1FC6E8E-4A43-4771-8A82-B52715A045FE} = {86BE31B7-7B6E-4D71-9289-21E367F2FA72}
		{DDEE60F3-EE8D-43DC-A839-7E901117CF05} = {86BE31B7-7B6E-4D71-9289-21E367F2FA72}
	EndGlobalSection
	GlobalSection(ExtensibilityGlobals) = postSolution
		EnterpriseLibraryConfigurationToolBinariesPathV6 = packages\EnterpriseLibrary.TransientFaultHandling.6.0.1304.0\lib\portable-net45+win+wp8;packages\EnterpriseLibrary.TransientFaultHandling.Data.6.0.1304.1\lib\NET45
	EndGlobalSection
EndGlobal
